
Microsoft Visual Studio Solution File, Format Version 12.00
# Visual Studio Version 17
VisualStudioVersion = 17.2.32616.157
MinimumVisualStudioVersion = 10.0.40219.1
Project("{888888A0-9F3D-457C-B088-3A5042F75D52}") = "파이썬사칙연산", "파이썬사칙연산\파이썬사칙연산.pyproj", "{2707B9E0-CF24-45A0-8E74-6A4980936959}"
EndProject
Global
	GlobalSection(SolutionConfigurationPlatforms) = preSolution
		Debug|Any CPU = Debug|Any CPU
		Release|Any CPU = Release|Any CPU
	EndGlobalSection
	GlobalSection(ProjectConfigurationPlatforms) = postSolution
		{2707B9E0-CF24-45A0-8E74-6A4980936959}.Debug|Any CPU.ActiveCfg = Debug|Any CPU
		{2707B9E0-CF24-45A0-8E74-6A4980936959}.Release|Any CPU.ActiveCfg = Release|Any CPU
	EndGlobalSection
	GlobalSection(SolutionProperties) = preSolution
		HideSolutionNode = FALSE
	EndGlobalSection
	GlobalSection(ExtensibilityGlobals) = postSolution
		SolutionGuid = {EBE0B8BC-1703-46E1-BE6E-1BF1059C8EFD}
	EndGlobalSection
EndGlobal
